
Microsoft Visual Studio Solution File, Format Version 12.00
# Visual Studio Version 17
VisualStudioVersion = 17.0.31903.59
MinimumVisualStudioVersion = 10.0.40219.1
Project("{9A19103F-16F7-4668-BE54-9A1E7A4F7556}") = "Aegis.Server", "src\Aegis.Server\Aegis.Server.csproj", "{A1B2C3D4-E5F6-7890-ABCD-EF1234567890}"
EndProject
Project("{9A19103F-16F7-4668-BE54-9A1E7A4F7556}") = "Aegis.Transport", "src\Aegis.Transport\Aegis.Transport.csproj", "{E01A22D8-44D1-DCF3-5B9A-FBAECA32F4F7}"
EndProject
Project("{9A19103F-16F7-4668-BE54-9A1E7A4F7556}") = "Aegis.Protocol", "src\Aegis.Protocol\Aegis.Protocol.csproj", "{7478CCC3-1FF5-E7D9-4649-20DC20024787}"
EndProject
Project("{9A19103F-16F7-4668-BE54-9A1E7A4F7556}") = "Aegis.Crypto", "src\Aegis.Crypto\Aegis.Crypto.csproj", "{F92D1D7A-0B06-368A-7091-7FA0C64F512C}"
EndProject
Project("{9A19103F-16F7-4668-BE54-9A1E7A4F7556}") = "Aegis.Handlers", "src\Aegis.Handlers\Aegis.Handlers.csproj", "{0B893CE2-83AE-2DAA-411E-EE77623EA8E3}"
EndProject
Project("{9A19103F-16F7-4668-BE54-9A1E7A4F7556}") = "Aegis.Common", "src\Aegis.Common\Aegis.Common.csproj", "{D958499E-ED18-79CD-9611-1C2FD1DA6E58}"
EndProject
Project("{9A19103F-16F7-4668-BE54-9A1E7A4F7556}") = "Aegis.Tests", "tests\Aegis.Tests\Aegis.Tests.csproj", "{720E1104-3014-B495-2AFE-23D4191D243F}"
EndProject
Project("{2150E333-8FDC-42A3-9474-1A3956D46DE8}") = "src", "src", "{827E0CD3-B72D-47B6-A68D-7590B98EB39B}"
EndProject
Project("{FAE04EC0-301F-11D3-BF4B-00C04F79EFBC}") = "Aegis.BotApi", "src\Aegis.BotApi\Aegis.BotApi.csproj", "{65D6DDF2-C6E9-4445-B5B3-C2206DDB912C}"
EndProject
Project("{FAE04EC0-301F-11D3-BF4B-00C04F79EFBC}") = "Aegis.Data", "src\Aegis.Data\Aegis.Data.csproj", "{4BE18212-1F3C-4D2C-9860-04C36D262324}"
EndProject
Project("{F2A71F9B-5D33-465A-A702-920D77279786}") = "Aegis.DomainRules", "src\Aegis.DomainRules\Aegis.DomainRules.fsproj", "{88153EE5-B8FB-49A0-A094-8D4BC5E82EF2}"
EndProject
Global
	GlobalSection(SolutionConfigurationPlatforms) = preSolution
		Debug|Any CPU = Debug|Any CPU
		Debug|x64 = Debug|x64
		Debug|x86 = Debug|x86
		Release|Any CPU = Release|Any CPU
		Release|x64 = Release|x64
		Release|x86 = Release|x86
	EndGlobalSection
	GlobalSection(ProjectConfigurationPlatforms) = postSolution
		{A1B2C3D4-E5F6-7890-ABCD-EF1234567890}.Debug|Any CPU.ActiveCfg = Debug|Any CPU
		{A1B2C3D4-E5F6-7890-ABCD-EF1234567890}.Debug|Any CPU.Build.0 = Debug|Any CPU
		{A1B2C3D4-E5F6-7890-ABCD-EF1234567890}.Debug|x64.ActiveCfg = Debug|Any CPU
		{A1B2C3D4-E5F6-7890-ABCD-EF1234567890}.Debug|x64.Build.0 = Debug|Any CPU
		{A1B2C3D4-E5F6-7890-ABCD-EF1234567890}.Debug|x86.ActiveCfg = Debug|Any CPU
		{A1B2C3D4-E5F6-7890-ABCD-EF1234567890}.Debug|x86.Build.0 = Debug|Any CPU
		{A1B2C3D4-E5F6-7890-ABCD-EF1234567890}.Release|Any CPU.ActiveCfg = Release|Any CPU
		{A1B2C3D4-E5F6-7890-ABCD-EF1234567890}.Release|Any CPU.Build.0 = Release|Any CPU
		{A1B2C3D4-E5F6-7890-ABCD-EF1234567890}.Release|x64.ActiveCfg = Release|Any CPU
		{A1B2C3D4-E5F6-7890-ABCD-EF1234567890}.Release|x64.Build.0 = Release|Any CPU
		{A1B2C3D4-E5F6-7890-ABCD-EF1234567890}.Release|x86.ActiveCfg = Release|Any CPU
		{A1B2C3D4-E5F6-7890-ABCD-EF1234567890}.Release|x86.Build.0 = Release|Any CPU
		{E01A22D8-44D1-DCF3-5B9A-FBAECA32F4F7}.Debug|Any CPU.ActiveCfg = Debug|Any CPU
		{E01A22D8-44D1-DCF3-5B9A-FBAECA32F4F7}.Debug|Any CPU.Build.0 = Debug|Any CPU
		{E01A22D8-44D1-DCF3-5B9A-FBAECA32F4F7}.Debug|x64.ActiveCfg = Debug|Any CPU
		{E01A22D8-44D1-DCF3-5B9A-FBAECA32F4F7}.Debug|x64.Build.0 = Debug|Any CPU
		{E01A22D8-44D1-DCF3-5B9A-FBAECA32F4F7}.Debug|x86.ActiveCfg = Debug|Any CPU
		{E01A22D8-44D1-DCF3-5B9A-FBAECA32F4F7}.Debug|x86.Build.0 = Debug|Any CPU
		{E01A22D8-44D1-DCF3-5B9A-FBAECA32F4F7}.Release|Any CPU.ActiveCfg = Release|Any CPU
		{E01A22D8-44D1-DCF3-5B9A-FBAECA32F4F7}.Release|Any CPU.Build.0 = Release|Any CPU
		{E01A22D8-44D1-DCF3-5B9A-FBAECA32F4F7}.Release|x64.ActiveCfg = Release|Any CPU
		{E01A22D8-44D1-DCF3-5B9A-FBAECA32F4F7}.Release|x64.Build.0 = Release|Any CPU
		{E01A22D8-44D1-DCF3-5B9A-FBAECA32F4F7}.Release|x86.ActiveCfg = Release|Any CPU
		{E01A22D8-44D1-DCF3-5B9A-FBAECA32F4F7}.Release|x86.Build.0 = Release|Any CPU
		{7478CCC3-1FF5-E7D9-4649-20DC20024787}.Debug|Any CPU.ActiveCfg = Debug|Any CPU
		{7478CCC3-1FF5-E7D9-4649-20DC20024787}.Debug|Any CPU.Build.0 = Debug|Any CPU
		{7478CCC3-1FF5-E7D9-4649-20DC20024787}.Debug|x64.ActiveCfg = Debug|Any CPU
		{7478CCC3-1FF5-E7D9-4649-20DC20024787}.Debug|x64.Build.0 = Debug|Any CPU
		{7478CCC3-1FF5-E7D9-4649-20DC20024787}.Debug|x86.ActiveCfg = Debug|Any CPU
		{7478CCC3-1FF5-E7D9-4649-20DC20024787}.Debug|x86.Build.0 = Debug|Any CPU
		{7478CCC3-1FF5-E7D9-4649-20DC20024787}.Release|Any CPU.ActiveCfg = Release|Any CPU
		{7478CCC3-1FF5-E7D9-4649-20DC20024787}.Release|Any CPU.Build.0 = Release|Any CPU
		{7478CCC3-1FF5-E7D9-4649-20DC20024787}.Release|x64.ActiveCfg = Release|Any CPU
		{7478CCC3-1FF5-E7D9-4649-20DC20024787}.Release|x64.Build.0 = Release|Any CPU
		{7478CCC3-1FF5-E7D9-4649-20DC20024787}.Release|x86.ActiveCfg = Release|Any CPU
		{7478CCC3-1FF5-E7D9-4649-20DC20024787}.Release|x86.Build.0 = Release|Any CPU
		{F92D1D7A-0B06-368A-7091-7FA0C64F512C}.Debug|Any CPU.ActiveCfg = Debug|Any CPU
		{F92D1D7A-0B06-368A-7091-7FA0C64F512C}.Debug|Any CPU.Build.0 = Debug|Any CPU
		{F92D1D7A-0B06-368A-7091-7FA0C64F512C}.Debug|x64.ActiveCfg = Debug|Any CPU
		{F92D1D7A-0B06-368A-7091-7FA0C64F512C}.Debug|x64.Build.0 = Debug|Any CPU
		{F92D1D7A-0B06-368A-7091-7FA0C64F512C}.Debug|x86.ActiveCfg = Debug|Any CPU
		{F92D1D7A-0B06-368A-7091-7FA0C64F512C}.Debug|x86.Build.0 = Debug|Any CPU
		{F92D1D7A-0B06-368A-7091-7FA0C64F512C}.Release|Any CPU.ActiveCfg = Release|Any CPU
		{F92D1D7A-0B06-368A-7091-7FA0C64F512C}.Release|Any CPU.Build.0 = Release|Any CPU
		{F92D1D7A-0B06-368A-7091-7FA0C64F512C}.Release|x64.ActiveCfg = Release|Any CPU
		{F92D1D7A-0B06-368A-7091-7FA0C64F512C}.Release|x64.Build.0 = Release|Any CPU
		{F92D1D7A-0B06-368A-7091-7FA0C64F512C}.Release|x86.ActiveCfg = Release|Any CPU
		{F92D1D7A-0B06-368A-7091-7FA0C64F512C}.Release|x86.Build.0 = Release|Any CPU
		{0B893CE2-83AE-2DAA-411E-EE77623EA8E3}.Debug|Any CPU.ActiveCfg = Debug|Any CPU
		{0B893CE2-83AE-2DAA-411E-EE77623EA8E3}.Debug|Any CPU.Build.0 = Debug|Any CPU
		{0B893CE2-83AE-2DAA-411E-EE77623EA8E3}.Debug|x64.ActiveCfg = Debug|Any CPU
		{0B893CE2-83AE-2DAA-411E-EE77623EA8E3}.Debug|x64.Build.0 = Debug|Any CPU
		{0B893CE2-83AE-2DAA-411E-EE77623EA8E3}.Debug|x86.ActiveCfg = Debug|Any CPU
		{0B893CE2-83AE-2DAA-411E-EE77623EA8E3}.Debug|x86.Build.0 = Debug|Any CPU
		{0B893CE2-83AE-2DAA-411E-EE77623EA8E3}.Release|Any CPU.ActiveCfg = Release|Any CPU
		{0B893CE2-83AE-2DAA-411E-EE77623EA8E3}.Release|Any CPU.Build.0 = Release|Any CPU
		{0B893CE2-83AE-2DAA-411E-EE77623EA8E3}.Release|x64.ActiveCfg = Release|Any CPU
		{0B893CE2-83AE-2DAA-411E-EE77623EA8E3}.Release|x64.Build.0 = Release|Any CPU
		{0B893CE2-83AE-2DAA-411E-EE77623EA8E3}.Release|x86.ActiveCfg = Release|Any CPU
		{0B893CE2-83AE-2DAA-411E-EE77623EA8E3}.Release|x86.Build.0 = Release|Any CPU
		{D958499E-ED18-79CD-9611-1C2FD1DA6E58}.Debug|Any CPU.ActiveCfg = Debug|Any CPU
		{D958499E-ED18-79CD-9611-1C2FD1DA6E58}.Debug|Any CPU.Build.0 = Debug|Any CPU
		{D958499E-ED18-79CD-9611-1C2FD1DA6E58}.Debug|x64.ActiveCfg = Debug|Any CPU
		{D958499E-ED18-79CD-9611-1C2FD1DA6E58}.Debug|x64.Build.0 = Debug|Any CPU
		{D958499E-ED18-79CD-9611-1C2FD1DA6E58}.Debug|x86.ActiveCfg = Debug|Any CPU
		{D958499E-ED18-79CD-9611-1C2FD1DA6E58}.Debug|x86.Build.0 = Debug|Any CPU
		{D958499E-ED18-79CD-9611-1C2FD1DA6E58}.Release|Any CPU.ActiveCfg = Release|Any CPU
		{D958499E-ED18-79CD-9611-1C2FD1DA6E58}.Release|Any CPU.Build.0 = Release|Any CPU
		{D958499E-ED18-79CD-9611-1C2FD1DA6E58}.Release|x64.ActiveCfg = Release|Any CPU
		{D958499E-ED18-79CD-9611-1C2FD1DA6E58}.Release|x64.Build.0 = Release|Any CPU
		{D958499E-ED18-79CD-9611-1C2FD1DA6E58}.Release|x86.ActiveCfg = Release|Any CPU
		{D958499E-ED18-79CD-9611-1C2FD1DA6E58}.Release|x86.Build.0 = Release|Any CPU
		{720E1104-3014-B495-2AFE-23D4191D243F}.Debug|Any CPU.ActiveCfg = Debug|Any CPU
		{720E1104-3014-B495-2AFE-23D4191D243F}.Debug|Any CPU.Build.0 = Debug|Any CPU
		{720E1104-3014-B495-2AFE-23D4191D243F}.Debug|x64.ActiveCfg = Debug|Any CPU
		{720E1104-3014-B495-2AFE-23D4191D243F}.Debug|x64.Build.0 = Debug|Any CPU
		{720E1104-3014-B495-2AFE-23D4191D243F}.Debug|x86.ActiveCfg = Debug|Any CPU
		{720E1104-3014-B495-2AFE-23D4191D243F}.Debug|x86.Build.0 = Debug|Any CPU
		{720E1104-3014-B495-2AFE-23D4191D243F}.Release|Any CPU.ActiveCfg = Release|Any CPU
		{720E1104-3014-B495-2AFE-23D4191D243F}.Release|Any CPU.Build.0 = Release|Any CPU
		{720E1104-3014-B495-2AFE-23D4191D243F}.Release|x64.ActiveCfg = Release|Any CPU
		{720E1104-3014-B495-2AFE-23D4191D243F}.Release|x64.Build.0 = Release|Any CPU
		{720E1104-3014-B495-2AFE-23D4191D243F}.Release|x86.ActiveCfg = Release|Any CPU
		{720E1104-3014-B495-2AFE-23D4191D243F}.Release|x86.Build.0 = Release|Any CPU
		{65D6DDF2-C6E9-4445-B5B3-C2206DDB912C}.Debug|Any CPU.ActiveCfg = Debug|Any CPU
		{65D6DDF2-C6E9-4445-B5B3-C2206DDB912C}.Debug|Any CPU.Build.0 = Debug|Any CPU
		{65D6DDF2-C6E9-4445-B5B3-C2206DDB912C}.Debug|x64.ActiveCfg = Debug|Any CPU
		{65D6DDF2-C6E9-4445-B5B3-C2206DDB912C}.Debug|x64.Build.0 = Debug|Any CPU
		{65D6DDF2-C6E9-4445-B5B3-C2206DDB912C}.Debug|x86.ActiveCfg = Debug|Any CPU
		{65D6DDF2-C6E9-4445-B5B3-C2206DDB912C}.Debug|x86.Build.0 = Debug|Any CPU
		{65D6DDF2-C6E9-4445-B5B3-C2206DDB912C}.Release|Any CPU.ActiveCfg = Release|Any CPU
		{65D6DDF2-C6E9-4445-B5B3-C2206DDB912C}.Release|Any CPU.Build.0 = Release|Any CPU
		{65D6DDF2-C6E9-4445-B5B3-C2206DDB912C}.Release|x64.ActiveCfg = Release|Any CPU
		{65D6DDF2-C6E9-4445-B5B3-C2206DDB912C}.Release|x64.Build.0 = Release|Any CPU
		{65D6DDF2-C6E9-4445-B5B3-C2206DDB912C}.Release|x86.ActiveCfg = Release|Any CPU
		{65D6DDF2-C6E9-4445-B5B3-C2206DDB912C}.Release|x86.Build.0 = Release|Any CPU
		{4BE18212-1F3C-4D2C-9860-04C36D262324}.Debug|Any CPU.ActiveCfg = Debug|Any CPU
		{4BE18212-1F3C-4D2C-9860-04C36D262324}.Debug|Any CPU.Build.0 = Debug|Any CPU
		{4BE18212-1F3C-4D2C-9860-04C36D262324}.Debug|x64.ActiveCfg = Debug|Any CPU
		{4BE18212-1F3C-4D2C-9860-04C36D262324}.Debug|x64.Build.0 = Debug|Any CPU
		{4BE18212-1F3C-4D2C-9860-04C36D262324}.Debug|x86.ActiveCfg = Debug|Any CPU
		{4BE18212-1F3C-4D2C-9860-04C36D262324}.Debug|x86.Build.0 = Debug|Any CPU
		{4BE18212-1F3C-4D2C-9860-04C36D262324}.Release|Any CPU.ActiveCfg = Release|Any CPU
		{4BE18212-1F3C-4D2C-9860-04C36D262324}.Release|Any CPU.Build.0 = Release|Any CPU
		{4BE18212-1F3C-4D2C-9860-04C36D262324}.Release|x64.ActiveCfg = Release|Any CPU
		{4BE18212-1F3C-4D2C-9860-04C36D262324}.Release|x64.Build.0 = Release|Any CPU
		{4BE18212-1F3C-4D2C-9860-04C36D262324}.Release|x86.ActiveCfg = Release|Any CPU
		{4BE18212-1F3C-4D2C-9860-04C36D262324}.Release|x86.Build.0 = Release|Any CPU
		{88153EE5-B8FB-49A0-A094-8D4BC5E82EF2}.Debug|Any CPU.ActiveCfg = Debug|Any CPU
		{88153EE5-B8FB-49A0-A094-8D4BC5E82EF2}.Debug|Any CPU.Build.0 = Debug|Any CPU
		{88153EE5-B8FB-49A0-A094-8D4BC5E82EF2}.Debug|x64.ActiveCfg = Debug|Any CPU
		{88153EE5-B8FB-49A0-A094-8D4BC5E82EF2}.Debug|x64.Build.0 = Debug|Any CPU
		{88153EE5-B8FB-49A0-A094-8D4BC5E82EF2}.Debug|x86.ActiveCfg = Debug|Any CPU
		{88153EE5-B8FB-49A0-A094-8D4BC5E82EF2}.Debug|x86.Build.0 = Debug|Any CPU
		{88153EE5-B8FB-49A0-A094-8D4BC5E82EF2}.Release|Any CPU.ActiveCfg = Release|Any CPU
		{88153EE5-B8FB-49A0-A094-8D4BC5E82EF2}.Release|Any CPU.Build.0 = Release|Any CPU
		{88153EE5-B8FB-49A0-A094-8D4BC5E82EF2}.Release|x64.ActiveCfg = Release|Any CPU
		{88153EE5-B8FB-49A0-A094-8D4BC5E82EF2}.Release|x64.Build.0 = Release|Any CPU
		{88153EE5-B8FB-49A0-A094-8D4BC5E82EF2}.Release|x86.ActiveCfg = Release|Any CPU
		{88153EE5-B8FB-49A0-A094-8D4BC5E82EF2}.Release|x86.Build.0 = Release|Any CPU
	EndGlobalSection
	GlobalSection(SolutionProperties) = preSolution
		HideSolutionNode = FALSE
	EndGlobalSection
	GlobalSection(NestedProjects) = preSolution
		{65D6DDF2-C6E9-4445-B5B3-C2206DDB912C} = {827E0CD3-B72D-47B6-A68D-7590B98EB39B}
		{4BE18212-1F3C-4D2C-9860-04C36D262324} = {827E0CD3-B72D-47B6-A68D-7590B98EB39B}
		{88153EE5-B8FB-49A0-A094-8D4BC5E82EF2} = {827E0CD3-B72D-47B6-A68D-7590B98EB39B}
	EndGlobalSection
EndGlobal
